
Microsoft Visual Studio Solution File, Format Version 12.00
# Visual Studio Version 17
VisualStudioVersion = 17.5.33516.290
MinimumVisualStudioVersion = 10.0.40219.1
Project("{FAE04EC0-301F-11D3-BF4B-00C04F79EFBC}") = "ProjetoFinalLivraria", "ProjetoFinalLivraria.csproj", "{472F139F-3BF9-4D45-AF46-C7019C61B6D0}"
EndProject
Global
	GlobalSection(SolutionConfigurationPlatforms) = preSolution
		Debug|Any CPU = Debug|Any CPU
		Release|Any CPU = Release|Any CPU
	EndGlobalSection
	GlobalSection(ProjectConfigurationPlatforms) = postSolution
		{472F139F-3BF9-4D45-AF46-C7019C61B6D0}.Debug|Any CPU.ActiveCfg = Debug|Any CPU
		{472F139F-3BF9-4D45-AF46-C7019C61B6D0}.Debug|Any CPU.Build.0 = Debug|Any CPU
		{472F139F-3BF9-4D45-AF46-C7019C61B6D0}.Release|Any CPU.ActiveCfg = Release|Any CPU
		{472F139F-3BF9-4D45-AF46-C7019C61B6D0}.Release|Any CPU.Build.0 = Release|Any CPU
	EndGlobalSection
	GlobalSection(SolutionProperties) = preSolution
		HideSolutionNode = FALSE
	EndGlobalSection
	GlobalSection(ExtensibilityGlobals) = postSolution
		SolutionGuid = {4D70751A-CAA8-47EE-8CE8-8CDDB670F24E}
	EndGlobalSection
EndGlobal
